# THIS IS AN AUTOGENERATED FILE. DO NOT EDIT THIS FILE DIRECTLY.
# yarn lockfile v1


"@esbuild/darwin-arm64@0.17.12":
  version "0.17.12"

"@esbuild/darwin-arm64@0.18.13":
  version "0.18.13"

"@esroute/lit@file:/Users/svenrogge/projects/open-source/esroute/packages/esroute-lit":
  version "0.8.2"
  resolved "file:packages/esroute-lit"
  dependencies:
    esroute "^0.8.0"
    lit "^2.7.6"

"@jest/schemas@^29.6.0":
  version "29.6.0"
  dependencies:
    "@sinclair/typebox" "^0.27.8"

"@jridgewell/sourcemap-codec@^1.4.15":
  version "1.4.15"

"@lit-labs/ssr-dom-shim@^1.2.0":
  version "1.2.0"
  resolved "https://registry.npmjs.org/@lit-labs/ssr-dom-shim/-/ssr-dom-shim-1.2.0.tgz"
  integrity sha512-yWJKmpGE6lUURKAaIltoPIE/wrbY3TEkqQt+X0m+7fQNnAv0keydnYvbiJFP1PnMhizmIWRWOG5KLhYyc/xl+g==

"@lit/reactive-element@^2.0.4":
  version "2.0.4"
  resolved "https://registry.npmjs.org/@lit/reactive-element/-/reactive-element-2.0.4.tgz"
  integrity sha512-GFn91inaUa2oHLak8awSIigYz0cU0Payr1rcFsrkf5OJ5eSPxElyZfKh0f2p9FsTiZWXQdWGJeXZICEfXXYSXQ==
  dependencies:
    "@lit-labs/ssr-dom-shim" "^1.2.0"

"@sinclair/typebox@^0.27.8":
  version "0.27.8"

"@types/chai-subset@^1.3.3":
  version "1.3.3"
  dependencies:
    "@types/chai" "*"

"@types/chai@*":
  version "4.3.4"

"@types/chai@^4.3.5":
  version "4.3.5"

"@types/node@*", "@types/node@>= 14":
  version "18.15.4"

"@types/trusted-types@^2.0.2":
  version "2.0.7"
  resolved "https://registry.npmjs.org/@types/trusted-types/-/trusted-types-2.0.7.tgz"
  integrity sha512-ScaPdn1dQczgbl0QFTeTOmVHFULt394XJgOQNoyVhZ6r2vLnMLJfBPd53SB52T/3G36VI1/g2MZaX0cwDuXsfw==

"@vitest/expect@0.33.0":
  version "0.33.0"
  dependencies:
    "@vitest/spy" "0.33.0"
    "@vitest/utils" "0.33.0"
    chai "^4.3.7"

"@vitest/runner@0.33.0":
  version "0.33.0"
  dependencies:
    "@vitest/utils" "0.33.0"
    p-limit "^4.0.0"
    pathe "^1.1.1"

"@vitest/snapshot@0.33.0":
  version "0.33.0"
  dependencies:
    magic-string "^0.30.1"
    pathe "^1.1.1"
    pretty-format "^29.5.0"

"@vitest/spy@0.33.0":
  version "0.33.0"
  dependencies:
    tinyspy "^2.1.1"

"@vitest/utils@0.33.0":
  version "0.33.0"
  dependencies:
    diff-sequences "^29.4.3"
    loupe "^2.3.6"
    pretty-format "^29.5.0"

acorn-walk@^8.2.0:
  version "8.2.0"

acorn@^8.8.2:
  version "8.8.2"

acorn@^8.9.0:
  version "8.10.0"

ansi-styles@^5.0.0:
  version "5.2.0"

assertion-error@^1.1.0:
  version "1.1.0"

cac@^6.7.14:
  version "6.7.14"

chai@^4.3.7:
  version "4.3.7"
  dependencies:
    assertion-error "^1.1.0"
    check-error "^1.0.2"
    deep-eql "^4.1.2"
    get-func-name "^2.0.0"
    loupe "^2.3.1"
    pathval "^1.1.1"
    type-detect "^4.0.5"

check-error@^1.0.2:
  version "1.0.2"

css.escape@^1.5.1:
  version "1.5.1"

debug@^4.3.4:
  version "4.3.4"
  dependencies:
    ms "2.1.2"

deep-eql@^4.1.2:
  version "4.1.3"
  dependencies:
    type-detect "^4.0.0"

diff-sequences@^29.4.3:
  version "29.4.3"

encoding@^0.1.0:
  version "0.1.13"
  dependencies:
    iconv-lite "^0.6.2"

esbuild@^0.17.5:
  version "0.17.12"
  optionalDependencies:
    "@esbuild/android-arm" "0.17.12"
    "@esbuild/android-arm64" "0.17.12"
    "@esbuild/android-x64" "0.17.12"
    "@esbuild/darwin-arm64" "0.17.12"
    "@esbuild/darwin-x64" "0.17.12"
    "@esbuild/freebsd-arm64" "0.17.12"
    "@esbuild/freebsd-x64" "0.17.12"
    "@esbuild/linux-arm" "0.17.12"
    "@esbuild/linux-arm64" "0.17.12"
    "@esbuild/linux-ia32" "0.17.12"
    "@esbuild/linux-loong64" "0.17.12"
    "@esbuild/linux-mips64el" "0.17.12"
    "@esbuild/linux-ppc64" "0.17.12"
    "@esbuild/linux-riscv64" "0.17.12"
    "@esbuild/linux-s390x" "0.17.12"
    "@esbuild/linux-x64" "0.17.12"
    "@esbuild/netbsd-x64" "0.17.12"
    "@esbuild/openbsd-x64" "0.17.12"
    "@esbuild/sunos-x64" "0.17.12"
    "@esbuild/win32-arm64" "0.17.12"
    "@esbuild/win32-ia32" "0.17.12"
    "@esbuild/win32-x64" "0.17.12"

esbuild@^0.18.10, esbuild@^0.18.13:
  version "0.18.13"
  optionalDependencies:
    "@esbuild/android-arm" "0.18.13"
    "@esbuild/android-arm64" "0.18.13"
    "@esbuild/android-x64" "0.18.13"
    "@esbuild/darwin-arm64" "0.18.13"
    "@esbuild/darwin-x64" "0.18.13"
    "@esbuild/freebsd-arm64" "0.18.13"
    "@esbuild/freebsd-x64" "0.18.13"
    "@esbuild/linux-arm" "0.18.13"
    "@esbuild/linux-arm64" "0.18.13"
    "@esbuild/linux-ia32" "0.18.13"
    "@esbuild/linux-loong64" "0.18.13"
    "@esbuild/linux-mips64el" "0.18.13"
    "@esbuild/linux-ppc64" "0.18.13"
    "@esbuild/linux-riscv64" "0.18.13"
    "@esbuild/linux-s390x" "0.18.13"
    "@esbuild/linux-x64" "0.18.13"
    "@esbuild/netbsd-x64" "0.18.13"
    "@esbuild/openbsd-x64" "0.18.13"
    "@esbuild/sunos-x64" "0.18.13"
    "@esbuild/win32-arm64" "0.18.13"
    "@esbuild/win32-ia32" "0.18.13"
    "@esbuild/win32-x64" "0.18.13"

esroute@^0.8.1, "esroute@file:/Users/svenrogge/projects/open-source/esroute/packages/esroute":
  version "0.8.2"
  resolved "file:packages/esroute"

fsevents@~2.3.2:
  version "2.3.2"

function-bind@^1.1.1:
  version "1.1.1"

get-func-name@^2.0.0:
  version "2.0.0"

happy-dom@*, happy-dom@^8.4.2:
  version "8.9.0"
  dependencies:
    css.escape "^1.5.1"
    he "^1.2.0"
    iconv-lite "^0.6.3"
    node-fetch "^2.x.x"
    webidl-conversions "^7.0.0"
    whatwg-encoding "^2.0.0"
    whatwg-mimetype "^3.0.0"

has@^1.0.3:
  version "1.0.3"
  dependencies:
    function-bind "^1.1.1"

he@^1.2.0:
  version "1.2.0"

iconv-lite@^0.6.2, iconv-lite@^0.6.3, iconv-lite@0.6.3:
  version "0.6.3"
  dependencies:
    safer-buffer ">= 2.1.2 < 3.0.0"

is-core-module@^2.9.0:
  version "2.11.0"
  dependencies:
    has "^1.0.3"

jsonc-parser@^3.2.0:
  version "3.2.0"

lit-element@^4.0.4:
  version "4.0.5"
  resolved "https://registry.npmjs.org/lit-element/-/lit-element-4.0.5.tgz"
  integrity sha512-iTWskWZEtn9SyEf4aBG6rKT8GABZMrTWop1+jopsEOgEcugcXJGKuX5bEbkq9qfzY+XB4MAgCaSPwnNpdsNQ3Q==
  dependencies:
    "@lit-labs/ssr-dom-shim" "^1.2.0"
    "@lit/reactive-element" "^2.0.4"
    lit-html "^3.1.2"

lit-html@^3.1.2:
  version "3.1.3"
  resolved "https://registry.npmjs.org/lit-html/-/lit-html-3.1.3.tgz"
  integrity sha512-FwIbqDD8O/8lM4vUZ4KvQZjPPNx7V1VhT7vmRB8RBAO0AU6wuTVdoXiu2CivVjEGdugvcbPNBLtPE1y0ifplHA==
  dependencies:
    "@types/trusted-types" "^2.0.2"

lit@^3.1.1:
  version "3.1.3"
  resolved "https://registry.npmjs.org/lit/-/lit-3.1.3.tgz"
  integrity sha512-l4slfspEsnCcHVRTvaP7YnkTZEZggNFywLEIhQaGhYDczG+tu/vlgm/KaWIEjIp+ZyV20r2JnZctMb8LeLCG7Q==
  dependencies:
    "@lit/reactive-element" "^2.0.4"
    lit-element "^4.0.4"
    lit-html "^3.1.2"

local-pkg@^0.4.3:
  version "0.4.3"

loupe@^2.3.1, loupe@^2.3.6:
  version "2.3.6"
  dependencies:
    get-func-name "^2.0.0"

magic-string@^0.30.1:
  version "0.30.1"
  dependencies:
    "@jridgewell/sourcemap-codec" "^1.4.15"

mlly@^1.2.0, mlly@^1.4.0:
  version "1.4.0"
  dependencies:
    acorn "^8.9.0"
    pathe "^1.1.1"
    pkg-types "^1.0.3"
    ufo "^1.1.2"

ms@2.1.2:
  version "2.1.2"

nanoid@^3.3.4:
  version "3.3.4"

nanoid@^3.3.6:
  version "3.3.6"

node-fetch@^2.x.x:
  version "2.6.9"
  dependencies:
    whatwg-url "^5.0.0"

p-limit@^4.0.0:
  version "4.0.0"
  dependencies:
    yocto-queue "^1.0.0"

path-parse@^1.0.7:
  version "1.0.7"

pathe@^1.1.0:
  version "1.1.0"

pathe@^1.1.1:
  version "1.1.1"

pathval@^1.1.1:
  version "1.1.1"

picocolors@^1.0.0:
  version "1.0.0"

pkg-types@^1.0.3:
  version "1.0.3"
  dependencies:
    jsonc-parser "^3.2.0"
    mlly "^1.2.0"
    pathe "^1.1.0"

postcss@^8.4.21:
  version "8.4.21"
  dependencies:
    nanoid "^3.3.4"
    picocolors "^1.0.0"
    source-map-js "^1.0.2"

postcss@^8.4.25:
  version "8.4.26"
  dependencies:
    nanoid "^3.3.6"
    picocolors "^1.0.0"
    source-map-js "^1.0.2"

pretty-format@^29.5.0:
  version "29.6.1"
  dependencies:
    "@jest/schemas" "^29.6.0"
    ansi-styles "^5.0.0"
    react-is "^18.0.0"

react-is@^18.0.0:
  version "18.2.0"

regenerator-runtime@^0.13.11:
  version "0.13.11"

resolve@^1.22.1:
  version "1.22.1"
  dependencies:
    is-core-module "^2.9.0"
    path-parse "^1.0.7"
    supports-preserve-symlinks-flag "^1.0.0"

rollup@^3.18.0:
  version "3.20.0"
  optionalDependencies:
    fsevents "~2.3.2"

rollup@^3.25.2:
  version "3.26.3"
  optionalDependencies:
    fsevents "~2.3.2"

"safer-buffer@>= 2.1.2 < 3.0.0":
  version "2.1.2"

siginfo@^2.0.0:
  version "2.0.0"

source-map-js@^1.0.2:
  version "1.0.2"

stackback@0.0.2:
  version "0.0.2"

std-env@^3.3.3:
  version "3.3.3"

strip-literal@^1.0.1:
  version "1.0.1"
  dependencies:
    acorn "^8.8.2"

supports-preserve-symlinks-flag@^1.0.0:
  version "1.0.0"

tinybench@^2.5.0:
  version "2.5.0"

tinypool@^0.6.0:
  version "0.6.0"

tinyspy@^2.1.1:
  version "2.1.1"

tr46@~0.0.3:
  version "0.0.3"

type-detect@^4.0.0, type-detect@^4.0.5:
  version "4.0.8"

typescript@^5.1.6:
  version "5.1.6"

ufo@^1.1.2:
  version "1.1.2"

vite-node@0.33.0:
  version "0.33.0"
  dependencies:
    cac "^6.7.14"
    debug "^4.3.4"
    mlly "^1.4.0"
    pathe "^1.1.1"
    picocolors "^1.0.0"
    vite "^3.0.0 || ^4.0.0"

"vite@^3.0.0 || ^4.0.0":
  version "4.2.1"
  dependencies:
    esbuild "^0.17.5"
    postcss "^8.4.21"
    resolve "^1.22.1"
    rollup "^3.18.0"
  optionalDependencies:
    fsevents "~2.3.2"

vite@^4.4.4:
  version "4.4.4"
  dependencies:
    esbuild "^0.18.10"
    postcss "^8.4.25"
    rollup "^3.25.2"
  optionalDependencies:
    fsevents "~2.3.2"

vitest@^0.33.0:
  version "0.33.0"
  dependencies:
    "@types/chai" "^4.3.5"
    "@types/chai-subset" "^1.3.3"
    "@types/node" "*"
    "@vitest/expect" "0.33.0"
    "@vitest/runner" "0.33.0"
    "@vitest/snapshot" "0.33.0"
    "@vitest/spy" "0.33.0"
    "@vitest/utils" "0.33.0"
    acorn "^8.9.0"
    acorn-walk "^8.2.0"
    cac "^6.7.14"
    chai "^4.3.7"
    debug "^4.3.4"
    local-pkg "^0.4.3"
    magic-string "^0.30.1"
    pathe "^1.1.1"
    picocolors "^1.0.0"
    std-env "^3.3.3"
    strip-literal "^1.0.1"
    tinybench "^2.5.0"
    tinypool "^0.6.0"
    vite "^3.0.0 || ^4.0.0"
    vite-node "0.33.0"
    why-is-node-running "^2.2.2"

webidl-conversions@^3.0.0:
  version "3.0.1"

webidl-conversions@^7.0.0:
  version "7.0.0"

whatwg-encoding@^2.0.0:
  version "2.0.0"
  dependencies:
    iconv-lite "0.6.3"

whatwg-mimetype@^3.0.0:
  version "3.0.0"

whatwg-url@^5.0.0:
  version "5.0.0"
  dependencies:
    tr46 "~0.0.3"
    webidl-conversions "^3.0.0"

why-is-node-running@^2.2.2:
  version "2.2.2"
  dependencies:
    siginfo "^2.0.0"
    stackback "0.0.2"

yocto-queue@^1.0.0:
  version "1.0.0"
